<?xml version="1.0" encoding="utf-8"?>
<Project ToolsVersion="4.0" xmlns="http://schemas.microsoft.com/developer/msbuild/2003">
  <ItemGroup>
    <ClCompile Include="Body.cpp" />
    <ClCompile Include="Bullet.cpp" />
    <ClCompile Include="Camera.cpp" />
    <ClCompile Include="Collision.cpp" />
    <ClCompile Include="EnemyBody.cpp" />
    <ClCompile Include="GameManager.cpp" />
    <ClCompile Include="Gun.cpp" />
    <ClCompile Include="Main.cpp" />
    <ClCompile Include="PlayerBody.cpp" />
    <ClCompile Include="Randomizer.cpp" />
    <ClCompile Include="PlayerCamera.cpp" />
    <ClCompile Include="Scene1.cpp" />
    <ClCompile Include="Scene2.cpp" />
    <ClCompile Include="Scene3.cpp" />
    <ClCompile Include="Submachine.cpp" />
    <ClCompile Include="Timer.cpp" />
    <ClCompile Include="Window.cpp" />
    <ClCompile Include="RotationUtils.cpp" />
    <ClCompile Include="Buff.cpp" />
  </ItemGroup>
  <ItemGroup>
    <ClInclude Include="Body.h" />
    <ClInclude Include="Bullet.h" />
    <ClInclude Include="Camera.h" />
    <ClInclude Include="Collision.h" />
    <ClInclude Include="EnemyBody.h" />
    <ClInclude Include="GameManager.h" />
    <ClInclude Include="Gun.h" />
    <ClInclude Include="Pistol.h" />
    <ClInclude Include="PlayerBody.h" />
    <ClInclude Include="Randomizer.h" />
    <ClInclude Include="PlayerCamera.h" />
    <ClInclude Include="Scene.h" />
    <ClInclude Include="Scene1.h" />
    <ClInclude Include="Scene2.h" />
    <ClInclude Include="Scene3.h" />
    <ClInclude Include="Submachine.h" />
    <ClInclude Include="Timer.h" />
    <ClInclude Include="Window.h" />
    <ClInclude Include="RotationUtils.h" />
    <ClInclude Include="Buff.h" />
  </ItemGroup>
</Project>